github.com/gopcua/opcua v0.3.5 h1:Q5ER3TI0Z13FLrWy/5xkjBhIs1DHVUGE4Wi/LRL81vI=
github.com/gopcua/opcua v0.3.5/go.mod h1:n/qSWDVB/KSPIG4vYhBSbs5zdYAW3yOcDCRrWd1BZo0=
github.com/pkg/errors v0.8.1 h1:iURUrRGxPUNPdy5/HRSm+Yj6okJ6UtLINN0Q9M4+h3I=
github.com/pkg/errors v0.8.1/go.mod h1:bwawxfHBFNV+L2hUp1rHADufV3IMtnDRdf1r5NINEl0=
